{
    "name": "wiki-mixer",
    "version": "2.0.0",
    "lockfileVersion": 3,
    "requires": true,
    "packages": {
        "": {
            "name": "wiki-mixer",
            "version": "2.0.0",
            "dependencies": {
                "snabbdom": "1.0.1"
            },
            "devDependencies": {
                "@types/node": "14.0.1",
                "@types/parse5": "5.0.3",
                "jpeg-js": "0.4.4",
                "parse5": "6.0.0",
                "pngjs": "5.0.0",
                "typescript": "5.0.4"
            }
        },
        "node_modules/@types/node": {
            "version": "14.0.1",
            "resolved": "https://registry.npmjs.org/@types/node/-/node-14.0.1.tgz",
            "integrity": "sha512-FAYBGwC+W6F9+huFIDtn43cpy7+SzG+atzRiTfdp3inUKL2hXnd4rG8hylJLIh4+hqrQy1P17kvJByE/z825hA==",
            "dev": true
        },
        "node_modules/@types/parse5": {
            "version": "5.0.3",
            "resolved": "https://registry.npmjs.org/@types/parse5/-/parse5-5.0.3.tgz",
            "integrity": "sha512-kUNnecmtkunAoQ3CnjmMkzNU/gtxG8guhi+Fk2U/kOpIKjIMKnXGp4IJCgQJrXSgMsWYimYG4TGjz/UzbGEBTw==",
            "dev": true
        },
        "node_modules/jpeg-js": {
            "version": "0.4.4",
            "resolved": "https://registry.npmjs.org/jpeg-js/-/jpeg-js-0.4.4.tgz",
            "integrity": "sha512-WZzeDOEtTOBK4Mdsar0IqEU5sMr3vSV2RqkAIzUEV2BHnUfKGyswWFPFwK5EeDo93K3FohSHbLAjj0s1Wzd+dg==",
            "dev": true
        },
        "node_modules/parse5": {
            "version": "6.0.0",
            "resolved": "https://registry.npmjs.org/parse5/-/parse5-6.0.0.tgz",
            "integrity": "sha512-lC0A+4DefTdRr+DLQlEwwZqndL9VzEjiuegI5bj3hp4bnzzwQldSqCpHv7+msRpSOHGJyJvkcCa4q15LMUJ8rg==",
            "dev": true
        },
        "node_modules/pngjs": {
            "version": "5.0.0",
            "resolved": "https://registry.npmjs.org/pngjs/-/pngjs-5.0.0.tgz",
            "integrity": "sha512-40QW5YalBNfQo5yRYmiw7Yz6TKKVr3h6970B2YE+3fQpsWcrbj1PzJgxeJ19DRQjhMbKPIuMY8rFaXc8moolVw==",
            "dev": true,
            "engines": {
                "node": ">=10.13.0"
            }
        },
        "node_modules/snabbdom": {
            "version": "1.0.1",
            "resolved": "https://registry.npmjs.org/snabbdom/-/snabbdom-1.0.1.tgz",
            "integrity": "sha512-0IN32ASHP32FUqIHERW2sS5EPX58NmYPa2bQVGRw9WdSL4t70hhgZ2jqMgtupaqdV3upBMMLfO003IqrDZ99nw=="
        },
        "node_modules/typescript": {
            "version": "5.0.4",
            "resolved": "https://registry.npmjs.org/typescript/-/typescript-5.0.4.tgz",
            "integrity": "sha512-cW9T5W9xY37cc+jfEnaUvX91foxtHkza3Nw3wkoF4sSlKn0MONdkdEndig/qPBWXNkmplh3NzayQzCiHM4/hqw==",
            "dev": true,
            "bin": {
                "tsc": "bin/tsc",
                "tsserver": "bin/tsserver"
            },
            "engines": {
                "node": ">=12.20"
            }
        }
    }
}
